
Microsoft Visual Studio Solution File, Format Version 12.00
# Visual Studio 2013
VisualStudioVersion = 12.0.21005.1
MinimumVisualStudioVersion = 10.0.40219.1
Project("{FAE04EC0-301F-11D3-BF4B-00C04F79EFBC}") = "steamBackup.AppServices", "steamBackup.AppServices\steamBackup.AppServices.csproj", "{E070A764-9320-4ECF-959D-35165B658C4F}"
EndProject
Project("{FAE04EC0-301F-11D3-BF4B-00C04F79EFBC}") = "steamBackupCLI", "steamBackupCLI\steamBackupCLI.csproj", "{0B3D0D8E-DCF7-4625-AAFE-B3D3930BEAF6}"
EndProject
Project("{FAE04EC0-301F-11D3-BF4B-00C04F79EFBC}") = "steamBackupGUI", "steamBackupGUI\steamBackupGUI.csproj", "{F41B161A-F02F-47BB-B251-2BC246C9078B}"
EndProject
Global
	GlobalSection(SolutionConfigurationPlatforms) = preSolution
		Debug|Any CPU = Debug|Any CPU
		Release|Any CPU = Release|Any CPU
	EndGlobalSection
	GlobalSection(ProjectConfigurationPlatforms) = postSolution
		{E070A764-9320-4ECF-959D-35165B658C4F}.Debug|Any CPU.ActiveCfg = Debug|Any CPU
		{E070A764-9320-4ECF-959D-35165B658C4F}.Debug|Any CPU.Build.0 = Debug|Any CPU
		{E070A764-9320-4ECF-959D-35165B658C4F}.Release|Any CPU.ActiveCfg = Release|Any CPU
		{E070A764-9320-4ECF-959D-35165B658C4F}.Release|Any CPU.Build.0 = Release|Any CPU
		{0B3D0D8E-DCF7-4625-AAFE-B3D3930BEAF6}.Debug|Any CPU.ActiveCfg = Debug|Any CPU
		{0B3D0D8E-DCF7-4625-AAFE-B3D3930BEAF6}.Debug|Any CPU.Build.0 = Debug|Any CPU
		{0B3D0D8E-DCF7-4625-AAFE-B3D3930BEAF6}.Release|Any CPU.ActiveCfg = Release|Any CPU
		{0B3D0D8E-DCF7-4625-AAFE-B3D3930BEAF6}.Release|Any CPU.Build.0 = Release|Any CPU
		{F41B161A-F02F-47BB-B251-2BC246C9078B}.Debug|Any CPU.ActiveCfg = Debug|Any CPU
		{F41B161A-F02F-47BB-B251-2BC246C9078B}.Debug|Any CPU.Build.0 = Debug|Any CPU
		{F41B161A-F02F-47BB-B251-2BC246C9078B}.Release|Any CPU.ActiveCfg = Release|Any CPU
		{F41B161A-F02F-47BB-B251-2BC246C9078B}.Release|Any CPU.Build.0 = Release|Any CPU
	EndGlobalSection
	GlobalSection(SolutionProperties) = preSolution
		HideSolutionNode = FALSE
	EndGlobalSection
EndGlobal
